// !$*UTF8*$!
{
	archiveVersion = 1;
	classes = {
	};
	objectVersion = 48;
	objects = {

/* Begin PBXBuildFile section */
		AEDA693F1F9CE5EC00B12A52 /* AppDelegate.swift in Sources */ = {isa = PBXBuildFile; fileRef = AEDA693E1F9CE5EC00B12A52 /* AppDelegate.swift */; };
		AEDA69411F9CE5EC00B12A52 /* FirstViewController.swift in Sources */ = {isa = PBXBuildFile; fileRef = AEDA69401F9CE5EC00B12A52 /* FirstViewController.swift */; };
		AEDA69431F9CE5EC00B12A52 /* SecondViewController.swift in Sources */ = {isa = PBXBuildFile; fileRef = AEDA69421F9CE5EC00B12A52 /* SecondViewController.swift */; };
		AEDA69461F9CE5EC00B12A52 /* Main.storyboard in Resources */ = {isa = PBXBuildFile; fileRef = AEDA69441F9CE5EC00B12A52 /* Main.storyboard */; };
		AEDA69481F9CE5EC00B12A52 /* Assets.xcassets in Resources */ = {isa = PBXBuildFile; fileRef = AEDA69471F9CE5EC00B12A52 /* Assets.xcassets */; };
		AEDA694B1F9CE5EC00B12A52 /* LaunchScreen.storyboard in Resources */ = {isa = PBXBuildFile; fileRef = AEDA69491F9CE5EC00B12A52 /* LaunchScreen.storyboard */; };
		AEDA69531F9CE93B00B12A52 /* Common.swift in Sources */ = {isa = PBXBuildFile; fileRef = AEDA69521F9CE93B00B12A52 /* Common.swift */; };
		AEE468951FA0A2FB004F5D68 /* muzik.mp3 in Resources */ = {isa = PBXBuildFile; fileRef = AEE468941FA0A2FB004F5D68 /* muzik.mp3 */; };
		AEE4689C1FA0AB1F004F5D68 /* Zip.framework in Frameworks */ = {isa = PBXBuildFile; fileRef = AEE4689B1FA0AB1F004F5D68 /* Zip.framework */; };
		AEE4689E1FA0BD01004F5D68 /* ArchiveManager.swift in Sources */ = {isa = PBXBuildFile; fileRef = AEE4689D1FA0BD01004F5D68 /* ArchiveManager.swift */; };
/* End PBXBuildFile section */

/* Begin PBXFileReference section */
		AEDA693B1F9CE5EC00B12A52 /* DataCollect.app */ = {isa = PBXFileReference; explicitFileType = wrapper.application; includeInIndex = 0; path = DataCollect.app; sourceTree = BUILT_PRODUCTS_DIR; };
		AEDA693E1F9CE5EC00B12A52 /* AppDelegate.swift */ = {isa = PBXFileReference; lastKnownFileType = sourcecode.swift; path = AppDelegate.swift; sourceTree = "<group>"; };
		AEDA69401F9CE5EC00B12A52 /* FirstViewController.swift */ = {isa = PBXFileReference; lastKnownFileType = sourcecode.swift; path = FirstViewController.swift; sourceTree = "<group>"; };
		AEDA69421F9CE5EC00B12A52 /* SecondViewController.swift */ = {isa = PBXFileReference; lastKnownFileType = sourcecode.swift; path = SecondViewController.swift; sourceTree = "<group>"; };
		AEDA69451F9CE5EC00B12A52 /* Base */ = {isa = PBXFileReference; lastKnownFileType = file.storyboard; name = Base; path = Base.lproj/Main.storyboard; sourceTree = "<group>"; };
		AEDA69471F9CE5EC00B12A52 /* Assets.xcassets */ = {isa = PBXFileReference; lastKnownFileType = folder.assetcatalog; path = Assets.xcassets; sourceTree = "<group>"; };
		AEDA694A1F9CE5EC00B12A52 /* Base */ = {isa = PBXFileReference; lastKnownFileType = file.storyboard; name = Base; path = Base.lproj/LaunchScreen.storyboard; sourceTree = "<group>"; };
		AEDA694C1F9CE5EC00B12A52 /* Info.plist */ = {isa = PBXFileReference; lastKnownFileType = text.plist.xml; path = Info.plist; sourceTree = "<group>"; };
		AEDA69521F9CE93B00B12A52 /* Common.swift */ = {isa = PBXFileReference; lastKnownFileType = sourcecode.swift; path = Common.swift; sourceTree = "<group>"; };
		AEE468941FA0A2FB004F5D68 /* muzik.mp3 */ = {isa = PBXFileReference; lastKnownFileType = audio.mp3; path = muzik.mp3; sourceTree = "<group>"; };
		AEE468961FA0AA2C004F5D68 /* Cartfile */ = {isa = PBXFileReference; lastKnownFileType = text; path = Cartfile; sourceTree = "<group>"; };
		AEE4689B1FA0AB1F004F5D68 /* Zip.framework */ = {isa = PBXFileReference; lastKnownFileType = wrapper.framework; name = Zip.framework; path = Carthage/Build/iOS/Zip.framework; sourceTree = "<group>"; };
		AEE4689D1FA0BD01004F5D68 /* ArchiveManager.swift */ = {isa = PBXFileReference; lastKnownFileType = sourcecode.swift; path = ArchiveManager.swift; sourceTree = "<group>"; };
/* End PBXFileReference section */

/* Begin PBXFrameworksBuildPhase section */
		AEDA69381F9CE5EC00B12A52 /* Frameworks */ = {
			isa = PBXFrameworksBuildPhase;
			buildActionMask = 2147483647;
			files = (
				AEE4689C1FA0AB1F004F5D68 /* Zip.framework in Frameworks */,
			);
			runOnlyForDeploymentPostprocessing = 0;
		};
/* End PBXFrameworksBuildPhase section */

/* Begin PBXGroup section */
		AEDA69321F9CE5EC00B12A52 = {
			isa = PBXGroup;
			children = (
				AEE468961FA0AA2C004F5D68 /* Cartfile */,
				AEDA693D1F9CE5EC00B12A52 /* DataCollect */,
				AEDA693C1F9CE5EC00B12A52 /* Products */,
				AEE4689A1FA0AB1F004F5D68 /* Frameworks */,
			);
			sourceTree = "<group>";
		};
		AEDA693C1F9CE5EC00B12A52 /* Products */ = {
			isa = PBXGroup;
			children = (
				AEDA693B1F9CE5EC00B12A52 /* DataCollect.app */,
			);
			name = Products;
			sourceTree = "<group>";
		};
		AEDA693D1F9CE5EC00B12A52 /* DataCollect */ = {
			isa = PBXGroup;
			children = (
				AEE468941FA0A2FB004F5D68 /* muzik.mp3 */,
				AEDA693E1F9CE5EC00B12A52 /* AppDelegate.swift */,
				AEDA69401F9CE5EC00B12A52 /* FirstViewController.swift */,
				AEDA69421F9CE5EC00B12A52 /* SecondViewController.swift */,
				AEDA69441F9CE5EC00B12A52 /* Main.storyboard */,
				AEDA69471F9CE5EC00B12A52 /* Assets.xcassets */,
				AEDA69491F9CE5EC00B12A52 /* LaunchScreen.storyboard */,
				AEDA694C1F9CE5EC00B12A52 /* Info.plist */,
				AEDA69521F9CE93B00B12A52 /* Common.swift */,
				AEE4689D1FA0BD01004F5D68 /* ArchiveManager.swift */,
			);
			path = DataCollect;
			sourceTree = "<group>";
		};
		AEE4689A1FA0AB1F004F5D68 /* Frameworks */ = {
			isa = PBXGroup;
			children = (
				AEE4689B1FA0AB1F004F5D68 /* Zip.framework */,
			);
			name = Frameworks;
			sourceTree = "<group>";
		};
/* End PBXGroup section */

/* Begin PBXNativeTarget section */
		AEDA693A1F9CE5EC00B12A52 /* DataCollect */ = {
			isa = PBXNativeTarget;
			buildConfigurationList = AEDA694F1F9CE5EC00B12A52 /* Build configuration list for PBXNativeTarget "DataCollect" */;
			buildPhases = (
				AEDA69371F9CE5EC00B12A52 /* Sources */,
				AEDA69381F9CE5EC00B12A52 /* Frameworks */,
				AEDA69391F9CE5EC00B12A52 /* Resources */,
				AEE468991FA0AAE1004F5D68 /* Carthage Copy Frameworks */,
			);
			buildRules = (
			);
			dependencies = (
			);
			name = DataCollect;
			productName = DataCollect;
			productReference = AEDA693B1F9CE5EC00B12A52 /* DataCollect.app */;
			productType = "com.apple.product-type.application";
		};
/* End PBXNativeTarget section */

/* Begin PBXProject section */
		AEDA69331F9CE5EC00B12A52 /* Project object */ = {
			isa = PBXProject;
			attributes = {
				LastSwiftUpdateCheck = 0900;
				LastUpgradeCheck = 0900;
				ORGANIZATIONNAME = kingcyk;
				TargetAttributes = {
					AEDA693A1F9CE5EC00B12A52 = {
						CreatedOnToolsVersion = 9.0;
						ProvisioningStyle = Automatic;
						SystemCapabilities = {
							com.apple.BackgroundModes = {
								enabled = 1;
							};
						};
					};
				};
			};
			buildConfigurationList = AEDA69361F9CE5EC00B12A52 /* Build configuration list for PBXProject "DataCollect" */;
			compatibilityVersion = "Xcode 8.0";
			developmentRegion = en;
			hasScannedForEncodings = 0;
			knownRegions = (
				en,
				Base,
			);
			mainGroup = AEDA69321F9CE5EC00B12A52;
			productRefGroup = AEDA693C1F9CE5EC00B12A52 /* Products */;
			projectDirPath = "";
			projectRoot = "";
			targets = (
				AEDA693A1F9CE5EC00B12A52 /* DataCollect */,
			);
		};
/* End PBXProject section */

/* Begin PBXResourcesBuildPhase section */
		AEDA69391F9CE5EC00B12A52 /* Resources */ = {
			isa = PBXResourcesBuildPhase;
			buildActionMask = 2147483647;
			files = (
				AEDA694B1F9CE5EC00B12A52 /* LaunchScreen.storyboard in Resources */,
				AEDA69481F9CE5EC00B12A52 /* Assets.xcassets in Resources */,
				AEDA69461F9CE5EC00B12A52 /* Main.storyboard in Resources */,
				AEE468951FA0A2FB004F5D68 /* muzik.mp3 in Resources */,
			);
			runOnlyForDeploymentPostprocessing = 0;
		};
/* End PBXResourcesBuildPhase section */

/* Begin PBXShellScriptBuildPhase section */
		AEE468991FA0AAE1004F5D68 /* Carthage Copy Frameworks */ = {
			isa = PBXShellScriptBuildPhase;
			buildActionMask = 2147483647;
			files = (
			);
			inputPaths = (
				"$(SRCROOT)/Carthage/Build/iOS/Zip.framework",
			);
			name = "Carthage Copy Frameworks";
			outputPaths = (
			);
			runOnlyForDeploymentPostprocessing = 0;
			shellPath = /bin/sh;
			shellScript = "/usr/local/bin/carthage copy-frameworks";
		};
/* End PBXShellScriptBuildPhase section */

/* Begin PBXSourcesBuildPhase section */
		AEDA69371F9CE5EC00B12A52 /* Sources */ = {
			isa = PBXSourcesBuildPhase;
			buildActionMask = 2147483647;
			files = (
				AEDA69531F9CE93B00B12A52 /* Common.swift in Sources */,
				AEDA69431F9CE5EC00B12A52 /* SecondViewController.swift in Sources */,
				AEE4689E1FA0BD01004F5D68 /* ArchiveManager.swift in Sources */,
				AEDA693F1F9CE5EC00B12A52 /* AppDelegate.swift in Sources */,
				AEDA69411F9CE5EC00B12A52 /* FirstViewController.swift in Sources */,
			);
			runOnlyForDeploymentPostprocessing = 0;
		};
/* End PBXSourcesBuildPhase section */

/* Begin PBXVariantGroup section */
		AEDA69441F9CE5EC00B12A52 /* Main.storyboard */ = {
			isa = PBXVariantGroup;
			children = (
				AEDA69451F9CE5EC00B12A52 /* Base */,
			);
			name = Main.storyboard;
			sourceTree = "<group>";
		};
		AEDA69491F9CE5EC00B12A52 /* LaunchScreen.storyboard */ = {
			isa = PBXVariantGroup;
			children = (
				AEDA694A1F9CE5EC00B12A52 /* Base */,
			);
			name = LaunchScreen.storyboard;
			sourceTree = "<group>";
		};
/* End PBXVariantGroup section */

/* Begin XCBuildConfiguration section */
		AEDA694D1F9CE5EC00B12A52 /* Debug */ = {
			isa = XCBuildConfiguration;
			buildSettings = {
				ALWAYS_SEARCH_USER_PATHS = NO;
				CLANG_ANALYZER_NONNULL = YES;
				CLANG_ANALYZER_NUMBER_OBJECT_CONVERSION = YES_AGGRESSIVE;
				CLANG_CXX_LANGUAGE_STANDARD = "gnu++14";
				CLANG_CXX_LIBRARY = "libc++";
				CLANG_ENABLE_MODULES = YES;
				CLANG_ENABLE_OBJC_ARC = YES;
				CLANG_WARN_BLOCK_CAPTURE_AUTORELEASING = YES;
				CLANG_WARN_BOOL_CONVERSION = YES;
				CLANG_WARN_COMMA = YES;
				CLANG_WARN_CONSTANT_CONVERSION = YES;
				CLANG_WARN_DIRECT_OBJC_ISA_USAGE = YES_ERROR;
				CLANG_WARN_DOCUMENTATION_COMMENTS = YES;
				CLANG_WARN_EMPTY_BODY = YES;
				CLANG_WARN_ENUM_CONVERSION = YES;
				CLANG_WARN_INFINITE_RECURSION = YES;
				CLANG_WARN_INT_CONVERSION = YES;
				CLANG_WARN_NON_LITERAL_NULL_CONVERSION = YES;
				CLANG_WARN_OBJC_LITERAL_CONVERSION = YES;
				CLANG_WARN_OBJC_ROOT_CLASS = YES_ERROR;
				CLANG_WARN_RANGE_LOOP_ANALYSIS = YES;
				CLANG_WARN_STRICT_PROTOTYPES = YES;
				CLANG_WARN_SUSPICIOUS_MOVE = YES;
				CLANG_WARN_UNGUARDED_AVAILABILITY = YES_AGGRESSIVE;
				CLANG_WARN_UNREACHABLE_CODE = YES;
				CLANG_WARN__DUPLICATE_METHOD_MATCH = YES;
				CODE_SIGN_IDENTITY = "iPhone Developer";
				COPY_PHASE_STRIP = NO;
				DEBUG_INFORMATION_FORMAT = dwarf;
				ENABLE_STRICT_OBJC_MSGSEND = YES;
				ENABLE_TESTABILITY = YES;
				GCC_C_LANGUAGE_STANDARD = gnu11;
				GCC_DYNAMIC_NO_PIC = NO;
				GCC_NO_COMMON_BLOCKS = YES;
				GCC_OPTIMIZATION_LEVEL = 0;
				GCC_PREPROCESSOR_DEFINITIONS = (
					"DEBUG=1",
					"$(inherited)",
				);
				GCC_WARN_64_TO_32_BIT_CONVERSION = YES;
				GCC_WARN_ABOUT_RETURN_TYPE = YES_ERROR;
				GCC_WARN_UNDECLARED_SELECTOR = YES;
				GCC_WARN_UNINITIALIZED_AUTOS = YES_AGGRESSIVE;
				GCC_WARN_UNUSED_FUNCTION = YES;
				GCC_WARN_UNUSED_VARIABLE = YES;
				IPHONEOS_DEPLOYMENT_TARGET = 11.0;
				MTL_ENABLE_DEBUG_INFO = YES;
				ONLY_ACTIVE_ARCH = YES;
				SDKROOT = iphoneos;
				SWIFT_ACTIVE_COMPILATION_CONDITIONS = DEBUG;
				SWIFT_OPTIMIZATION_LEVEL = "-Onone";
			};
			name = Debug;
		};
		AEDA694E1F9CE5EC00B12A52 /* Release */ = {
			isa = XCBuildConfiguration;
			buildSettings = {
				ALWAYS_SEARCH_USER_PATHS = NO;
				CLANG_ANALYZER_NONNULL = YES;
				CLANG_ANALYZER_NUMBER_OBJECT_CONVERSION = YES_AGGRESSIVE;
				CLANG_CXX_LANGUAGE_STANDARD = "gnu++14";
				CLANG_CXX_LIBRARY = "libc++";
				CLANG_ENABLE_MODULES = YES;
				CLANG_ENABLE_OBJC_ARC = YES;
				CLANG_WARN_BLOCK_CAPTURE_AUTORELEASING = YES;
				CLANG_WARN_BOOL_CONVERSION = YES;
				CLANG_WARN_COMMA = YES;
				CLANG_WARN_CONSTANT_CONVERSION = YES;
				CLANG_WARN_DIRECT_OBJC_ISA_USAGE = YES_ERROR;
				CLANG_WARN_DOCUMENTATION_COMMENTS = YES;
				CLANG_WARN_EMPTY_BODY = YES;
				CLANG_WARN_ENUM_CONVERSION = YES;
				CLANG_WARN_INFINITE_RECURSION = YES;
				CLANG_WARN_INT_CONVERSION = YES;
				CLANG_WARN_NON_LITERAL_NULL_CONVERSION = YES;
				CLANG_WARN_OBJC_LITERAL_CONVERSION = YES;
				CLANG_WARN_OBJC_ROOT_CLASS = YES_ERROR;
				CLANG_WARN_RANGE_LOOP_ANALYSIS = YES;
				CLANG_WARN_STRICT_PROTOTYPES = YES;
				CLANG_WARN_SUSPICIOUS_MOVE = YES;
				CLANG_WARN_UNGUARDED_AVAILABILITY = YES_AGGRESSIVE;
				CLANG_WARN_UNREACHABLE_CODE = YES;
				CLANG_WARN__DUPLICATE_METHOD_MATCH = YES;
				CODE_SIGN_IDENTITY = "iPhone Developer";
				COPY_PHASE_STRIP = NO;
				DEBUG_INFORMATION_FORMAT = "dwarf-with-dsym";
				ENABLE_NS_ASSERTIONS = NO;
				ENABLE_STRICT_OBJC_MSGSEND = YES;
				GCC_C_LANGUAGE_STANDARD = gnu11;
				GCC_NO_COMMON_BLOCKS = YES;
				GCC_WARN_64_TO_32_BIT_CONVERSION = YES;
				GCC_WARN_ABOUT_RETURN_TYPE = YES_ERROR;
				GCC_WARN_UNDECLARED_SELECTOR = YES;
				GCC_WARN_UNINITIALIZED_AUTOS = YES_AGGRESSIVE;
				GCC_WARN_UNUSED_FUNCTION = YES;
				GCC_WARN_UNUSED_VARIABLE = YES;
				IPHONEOS_DEPLOYMENT_TARGET = 11.0;
				MTL_ENABLE_DEBUG_INFO = NO;
				SDKROOT = iphoneos;
				SWIFT_OPTIMIZATION_LEVEL = "-Owholemodule";
				VALIDATE_PRODUCT = YES;
			};
			name = Release;
		};
		AEDA69501F9CE5EC00B12A52 /* Debug */ = {
			isa = XCBuildConfiguration;
			buildSettings = {
				ASSETCATALOG_COMPILER_APPICON_NAME = AppIcon;
				CODE_SIGN_STYLE = Automatic;
				DEVELOPMENT_TEAM = 982HK3878L;
				FRAMEWORK_SEARCH_PATHS = (
					"$(inherited)",
					"$(PROJECT_DIR)/Carthage/Build/iOS",
				);
				INFOPLIST_FILE = DataCollect/Info.plist;
				LD_RUNPATH_SEARCH_PATHS = "$(inherited) @executable_path/Frameworks";
				PRODUCT_BUNDLE_IDENTIFIER = com.kingcyk.DataCollect;
				PRODUCT_NAME = "$(TARGET_NAME)";
				SWIFT_VERSION = 4.0;
				TARGETED_DEVICE_FAMILY = "1,2";
			};
			name = Debug;
		};
		AEDA69511F9CE5EC00B12A52 /* Release */ = {
			isa = XCBuildConfiguration;
			buildSettings = {
				ASSETCATALOG_COMPILER_APPICON_NAME = AppIcon;
				CODE_SIGN_STYLE = Automatic;
				DEVELOPMENT_TEAM = 982HK3878L;
				FRAMEWORK_SEARCH_PATHS = (
					"$(inherited)",
					"$(PROJECT_DIR)/Carthage/Build/iOS",
				);
				INFOPLIST_FILE = DataCollect/Info.plist;
				LD_RUNPATH_SEARCH_PATHS = "$(inherited) @executable_path/Frameworks";
				PRODUCT_BUNDLE_IDENTIFIER = com.kingcyk.DataCollect;
				PRODUCT_NAME = "$(TARGET_NAME)";
				SWIFT_VERSION = 4.0;
				TARGETED_DEVICE_FAMILY = "1,2";
			};
			name = Release;
		};
/* End XCBuildConfiguration section */

/* Begin XCConfigurationList section */
		AEDA69361F9CE5EC00B12A52 /* Build configuration list for PBXProject "DataCollect" */ = {
			isa = XCConfigurationList;
			buildConfigurations = (
				AEDA694D1F9CE5EC00B12A52 /* Debug */,
				AEDA694E1F9CE5EC00B12A52 /* Release */,
			);
			defaultConfigurationIsVisible = 0;
			defaultConfigurationName = Release;
		};
		AEDA694F1F9CE5EC00B12A52 /* Build configuration list for PBXNativeTarget "DataCollect" */ = {
			isa = XCConfigurationList;
			buildConfigurations = (
				AEDA69501F9CE5EC00B12A52 /* Debug */,
				AEDA69511F9CE5EC00B12A52 /* Release */,
			);
			defaultConfigurationIsVisible = 0;
			defaultConfigurationName = Release;
		};
/* End XCConfigurationList section */
	};
	rootObject = AEDA69331F9CE5EC00B12A52 /* Project object */;
}
